
Microsoft Visual Studio Solution File, Format Version 12.00
# Visual Studio 14
VisualStudioVersion = 14.0.23107.0
MinimumVisualStudioVersion = 10.0.40219.1
Project("{FAE04EC0-301F-11D3-BF4B-00C04F79EFBC}") = "Barebuh", "Barebuh\Barebuh.csproj", "{6CE402D3-6D61-41D7-93CF-275C8E3D20B2}"
EndProject
Project("{2150E333-8FDC-42A3-9474-1A3956D46DE8}") = "Modules", "Modules", "{1918CC31-474B-4F5C-BCA9-F9F72A31B90A}"
EndProject
Project("{FAE04EC0-301F-11D3-BF4B-00C04F79EFBC}") = "Mail", "Mail\Mail.csproj", "{F6A42099-4C78-4A29-A10F-A911ACF2B142}"
EndProject
Global
	GlobalSection(SolutionConfigurationPlatforms) = preSolution
		Debug|Any CPU = Debug|Any CPU
		Release|Any CPU = Release|Any CPU
	EndGlobalSection
	GlobalSection(ProjectConfigurationPlatforms) = postSolution
		{6CE402D3-6D61-41D7-93CF-275C8E3D20B2}.Debug|Any CPU.ActiveCfg = Debug|Any CPU
		{6CE402D3-6D61-41D7-93CF-275C8E3D20B2}.Debug|Any CPU.Build.0 = Debug|Any CPU
		{6CE402D3-6D61-41D7-93CF-275C8E3D20B2}.Release|Any CPU.ActiveCfg = Release|Any CPU
		{6CE402D3-6D61-41D7-93CF-275C8E3D20B2}.Release|Any CPU.Build.0 = Release|Any CPU
		{F6A42099-4C78-4A29-A10F-A911ACF2B142}.Debug|Any CPU.ActiveCfg = Debug|Any CPU
		{F6A42099-4C78-4A29-A10F-A911ACF2B142}.Debug|Any CPU.Build.0 = Debug|Any CPU
		{F6A42099-4C78-4A29-A10F-A911ACF2B142}.Release|Any CPU.ActiveCfg = Release|Any CPU
		{F6A42099-4C78-4A29-A10F-A911ACF2B142}.Release|Any CPU.Build.0 = Release|Any CPU
	EndGlobalSection
	GlobalSection(SolutionProperties) = preSolution
		HideSolutionNode = FALSE
	EndGlobalSection
	GlobalSection(NestedProjects) = preSolution
		{F6A42099-4C78-4A29-A10F-A911ACF2B142} = {1918CC31-474B-4F5C-BCA9-F9F72A31B90A}
	EndGlobalSection
EndGlobal
